
Microsoft Visual Studio Solution File, Format Version 12.00
# Visual Studio 15
Project("{FAE04EC0-301F-11D3-BF4B-00C04F79EFBC}") = "Beat The Scar v2", "Assembly-CSharp.csproj", "{F4D00BE8-8985-99EA-73AF-D384F81CBF02}"
EndProject
Project("{FAE04EC0-301F-11D3-BF4B-00C04F79EFBC}") = "Beat The Scar v2", "Assembly-CSharp-Editor.csproj", "{E168B633-AFD5-AA42-7C54-4E66A71D0BAB}"
EndProject
Global
	GlobalSection(SolutionConfigurationPlatforms) = preSolution
		Debug|Any CPU = Debug|Any CPU
		Release|Any CPU = Release|Any CPU
	EndGlobalSection
	GlobalSection(ProjectConfigurationPlatforms) = postSolution
		{F4D00BE8-8985-99EA-73AF-D384F81CBF02}.Debug|Any CPU.ActiveCfg = Debug|Any CPU
		{F4D00BE8-8985-99EA-73AF-D384F81CBF02}.Debug|Any CPU.Build.0 = Debug|Any CPU
		{F4D00BE8-8985-99EA-73AF-D384F81CBF02}.Release|Any CPU.ActiveCfg = Release|Any CPU
		{F4D00BE8-8985-99EA-73AF-D384F81CBF02}.Release|Any CPU.Build.0 = Release|Any CPU
		{E168B633-AFD5-AA42-7C54-4E66A71D0BAB}.Debug|Any CPU.ActiveCfg = Debug|Any CPU
		{E168B633-AFD5-AA42-7C54-4E66A71D0BAB}.Debug|Any CPU.Build.0 = Debug|Any CPU
		{E168B633-AFD5-AA42-7C54-4E66A71D0BAB}.Release|Any CPU.ActiveCfg = Release|Any CPU
		{E168B633-AFD5-AA42-7C54-4E66A71D0BAB}.Release|Any CPU.Build.0 = Release|Any CPU
	EndGlobalSection
	GlobalSection(SolutionProperties) = preSolution
		HideSolutionNode = FALSE
	EndGlobalSection
EndGlobal
