
Microsoft Visual Studio Solution File, Format Version 12.00
# Visual Studio 15
Project("{FAE04EC0-301F-11D3-BF4B-00C04F79EFBC}") = "Beat The Scar v2", "Beat The Scar v2.csproj", "{E78381C6-18ED-4569-3A23-9F4B8FEE6100}"
EndProject
Project("{FAE04EC0-301F-11D3-BF4B-00C04F79EFBC}") = "Beat The Scar v2.Editor", "Beat The Scar v2.Editor.csproj", "{F8E514A9-60A6-D24E-27E4-F9CB5561E0DC}"
EndProject
Global
	GlobalSection(SolutionConfigurationPlatforms) = preSolution
		Debug|Any CPU = Debug|Any CPU
		Release|Any CPU = Release|Any CPU
	EndGlobalSection
	GlobalSection(ProjectConfigurationPlatforms) = postSolution
		{E78381C6-18ED-4569-3A23-9F4B8FEE6100}.Debug|Any CPU.ActiveCfg = Debug|Any CPU
		{E78381C6-18ED-4569-3A23-9F4B8FEE6100}.Debug|Any CPU.Build.0 = Debug|Any CPU
		{E78381C6-18ED-4569-3A23-9F4B8FEE6100}.Release|Any CPU.ActiveCfg = Release|Any CPU
		{E78381C6-18ED-4569-3A23-9F4B8FEE6100}.Release|Any CPU.Build.0 = Release|Any CPU
		{F8E514A9-60A6-D24E-27E4-F9CB5561E0DC}.Debug|Any CPU.ActiveCfg = Debug|Any CPU
		{F8E514A9-60A6-D24E-27E4-F9CB5561E0DC}.Debug|Any CPU.Build.0 = Debug|Any CPU
		{F8E514A9-60A6-D24E-27E4-F9CB5561E0DC}.Release|Any CPU.ActiveCfg = Release|Any CPU
		{F8E514A9-60A6-D24E-27E4-F9CB5561E0DC}.Release|Any CPU.Build.0 = Release|Any CPU
	EndGlobalSection
	GlobalSection(SolutionProperties) = preSolution
		HideSolutionNode = FALSE
	EndGlobalSection
EndGlobal
