
Microsoft Visual Studio Solution File, Format Version 12.00
# Visual Studio 15
Project("{FAE04EC0-301F-11D3-BF4B-00C04F79EFBC}") = "BeatTheScarV2", "Assembly-CSharp.csproj", "{1B03C1AC-5C9F-BDA8-616C-0AC2325C9900}"
EndProject
Project("{FAE04EC0-301F-11D3-BF4B-00C04F79EFBC}") = "BeatTheScarV2", "Assembly-CSharp-Editor.csproj", "{5BCA9AE9-0538-925A-4202-B780A1AE6C5A}"
EndProject
Global
	GlobalSection(SolutionConfigurationPlatforms) = preSolution
		Debug|Any CPU = Debug|Any CPU
		Release|Any CPU = Release|Any CPU
	EndGlobalSection
	GlobalSection(ProjectConfigurationPlatforms) = postSolution
		{1B03C1AC-5C9F-BDA8-616C-0AC2325C9900}.Debug|Any CPU.ActiveCfg = Debug|Any CPU
		{1B03C1AC-5C9F-BDA8-616C-0AC2325C9900}.Debug|Any CPU.Build.0 = Debug|Any CPU
		{1B03C1AC-5C9F-BDA8-616C-0AC2325C9900}.Release|Any CPU.ActiveCfg = Release|Any CPU
		{1B03C1AC-5C9F-BDA8-616C-0AC2325C9900}.Release|Any CPU.Build.0 = Release|Any CPU
		{5BCA9AE9-0538-925A-4202-B780A1AE6C5A}.Debug|Any CPU.ActiveCfg = Debug|Any CPU
		{5BCA9AE9-0538-925A-4202-B780A1AE6C5A}.Debug|Any CPU.Build.0 = Debug|Any CPU
		{5BCA9AE9-0538-925A-4202-B780A1AE6C5A}.Release|Any CPU.ActiveCfg = Release|Any CPU
		{5BCA9AE9-0538-925A-4202-B780A1AE6C5A}.Release|Any CPU.Build.0 = Release|Any CPU
	EndGlobalSection
	GlobalSection(SolutionProperties) = preSolution
		HideSolutionNode = FALSE
	EndGlobalSection
EndGlobal
